// !$*UTF8*$!
{
	archiveVersion = 1;
	classes = {
	};
	objectVersion = 51;
	objects = {

/* Begin PBXBuildFile section */
		441304B023F76BF500A4A19E /* MessageDetailViewController.swift in Sources */ = {isa = PBXBuildFile; fileRef = 441304AF23F76BF500A4A19E /* MessageDetailViewController.swift */; };
		441304B223F76C6500A4A19E /* ChatRoomTableViewController.swift in Sources */ = {isa = PBXBuildFile; fileRef = 441304B123F76C6500A4A19E /* ChatRoomTableViewController.swift */; };
		44FD58E323F66D590065D67F /* AppDelegate.swift in Sources */ = {isa = PBXBuildFile; fileRef = 44FD58E223F66D590065D67F /* AppDelegate.swift */; };
		44FD58E523F66D590065D67F /* SceneDelegate.swift in Sources */ = {isa = PBXBuildFile; fileRef = 44FD58E423F66D590065D67F /* SceneDelegate.swift */; };
		44FD58EA23F66D590065D67F /* Main.storyboard in Resources */ = {isa = PBXBuildFile; fileRef = 44FD58E823F66D590065D67F /* Main.storyboard */; };
		44FD58EC23F66D5A0065D67F /* Assets.xcassets in Resources */ = {isa = PBXBuildFile; fileRef = 44FD58EB23F66D5A0065D67F /* Assets.xcassets */; };
		44FD58EF23F66D5A0065D67F /* LaunchScreen.storyboard in Resources */ = {isa = PBXBuildFile; fileRef = 44FD58ED23F66D5A0065D67F /* LaunchScreen.storyboard */; };
		44FD58FA23F678570065D67F /* MessageKit.framework in Frameworks */ = {isa = PBXBuildFile; fileRef = 44FD58F823F678570065D67F /* MessageKit.framework */; };
		44FD58FB23F678580065D67F /* InputBarAccessoryView.framework in Frameworks */ = {isa = PBXBuildFile; fileRef = 44FD58F923F678570065D67F /* InputBarAccessoryView.framework */; };
		44FD58FD23F67DF60065D67F /* GoogleService-Info.plist in Resources */ = {isa = PBXBuildFile; fileRef = 44FD58FC23F67DF60065D67F /* GoogleService-Info.plist */; };
		A9BD7AE4944A520A1B8F18BB /* Pods_FirebaseChat.framework in Frameworks */ = {isa = PBXBuildFile; fileRef = 363F301F8C0AD45062A70455 /* Pods_FirebaseChat.framework */; };
/* End PBXBuildFile section */

/* Begin PBXFileReference section */
		055F284F2179840D26AFCA69 /* Pods-FirebaseChat.debug.xcconfig */ = {isa = PBXFileReference; includeInIndex = 1; lastKnownFileType = text.xcconfig; name = "Pods-FirebaseChat.debug.xcconfig"; path = "Target Support Files/Pods-FirebaseChat/Pods-FirebaseChat.debug.xcconfig"; sourceTree = "<group>"; };
		363F301F8C0AD45062A70455 /* Pods_FirebaseChat.framework */ = {isa = PBXFileReference; explicitFileType = wrapper.framework; includeInIndex = 0; path = Pods_FirebaseChat.framework; sourceTree = BUILT_PRODUCTS_DIR; };
		441304AF23F76BF500A4A19E /* MessageDetailViewController.swift */ = {isa = PBXFileReference; lastKnownFileType = sourcecode.swift; path = MessageDetailViewController.swift; sourceTree = "<group>"; };
		441304B123F76C6500A4A19E /* ChatRoomTableViewController.swift */ = {isa = PBXFileReference; lastKnownFileType = sourcecode.swift; path = ChatRoomTableViewController.swift; sourceTree = "<group>"; };
		44FD58DF23F66D590065D67F /* FirebaseChat.app */ = {isa = PBXFileReference; explicitFileType = wrapper.application; includeInIndex = 0; path = FirebaseChat.app; sourceTree = BUILT_PRODUCTS_DIR; };
		44FD58E223F66D590065D67F /* AppDelegate.swift */ = {isa = PBXFileReference; lastKnownFileType = sourcecode.swift; path = AppDelegate.swift; sourceTree = "<group>"; };
		44FD58E423F66D590065D67F /* SceneDelegate.swift */ = {isa = PBXFileReference; lastKnownFileType = sourcecode.swift; path = SceneDelegate.swift; sourceTree = "<group>"; };
		44FD58E923F66D590065D67F /* Base */ = {isa = PBXFileReference; lastKnownFileType = file.storyboard; name = Base; path = Base.lproj/Main.storyboard; sourceTree = "<group>"; };
		44FD58EB23F66D5A0065D67F /* Assets.xcassets */ = {isa = PBXFileReference; lastKnownFileType = folder.assetcatalog; path = Assets.xcassets; sourceTree = "<group>"; };
		44FD58EE23F66D5A0065D67F /* Base */ = {isa = PBXFileReference; lastKnownFileType = file.storyboard; name = Base; path = Base.lproj/LaunchScreen.storyboard; sourceTree = "<group>"; };
		44FD58F023F66D5A0065D67F /* Info.plist */ = {isa = PBXFileReference; lastKnownFileType = text.plist.xml; path = Info.plist; sourceTree = "<group>"; };
		44FD58F823F678570065D67F /* MessageKit.framework */ = {isa = PBXFileReference; lastKnownFileType = wrapper.framework; name = MessageKit.framework; path = Carthage/Build/iOS/MessageKit.framework; sourceTree = SOURCE_ROOT; };
		44FD58F923F678570065D67F /* InputBarAccessoryView.framework */ = {isa = PBXFileReference; lastKnownFileType = wrapper.framework; name = InputBarAccessoryView.framework; path = Carthage/Build/iOS/InputBarAccessoryView.framework; sourceTree = SOURCE_ROOT; };
		44FD58FC23F67DF60065D67F /* GoogleService-Info.plist */ = {isa = PBXFileReference; fileEncoding = 4; lastKnownFileType = text.plist.xml; path = "GoogleService-Info.plist"; sourceTree = "<group>"; };
		538937360D9EAC02F3B721D0 /* Pods-FirebaseChat.release.xcconfig */ = {isa = PBXFileReference; includeInIndex = 1; lastKnownFileType = text.xcconfig; name = "Pods-FirebaseChat.release.xcconfig"; path = "Target Support Files/Pods-FirebaseChat/Pods-FirebaseChat.release.xcconfig"; sourceTree = "<group>"; };
/* End PBXFileReference section */

/* Begin PBXFrameworksBuildPhase section */
		44FD58DC23F66D590065D67F /* Frameworks */ = {
			isa = PBXFrameworksBuildPhase;
			buildActionMask = 2147483647;
			files = (
				44FD58FA23F678570065D67F /* MessageKit.framework in Frameworks */,
				44FD58FB23F678580065D67F /* InputBarAccessoryView.framework in Frameworks */,
				A9BD7AE4944A520A1B8F18BB /* Pods_FirebaseChat.framework in Frameworks */,
			);
			runOnlyForDeploymentPostprocessing = 0;
		};
/* End PBXFrameworksBuildPhase section */

/* Begin PBXGroup section */
		44FD58D623F66D590065D67F = {
			isa = PBXGroup;
			children = (
				44FD58E123F66D590065D67F /* FirebaseChat */,
				44FD58E023F66D590065D67F /* Products */,
				ED8CA03E8DBE4FD632665E8F /* Pods */,
				479E58C6BE2B19DD313E03B7 /* Frameworks */,
			);
			sourceTree = "<group>";
		};
		44FD58E023F66D590065D67F /* Products */ = {
			isa = PBXGroup;
			children = (
				44FD58DF23F66D590065D67F /* FirebaseChat.app */,
			);
			name = Products;
			sourceTree = "<group>";
		};
		44FD58E123F66D590065D67F /* FirebaseChat */ = {
			isa = PBXGroup;
			children = (
				44FD58F723F678330065D67F /* Dependencies */,
				44FD58E223F66D590065D67F /* AppDelegate.swift */,
				44FD58E423F66D590065D67F /* SceneDelegate.swift */,
				441304AF23F76BF500A4A19E /* MessageDetailViewController.swift */,
				441304B123F76C6500A4A19E /* ChatRoomTableViewController.swift */,
				44FD58E823F66D590065D67F /* Main.storyboard */,
				44FD58EB23F66D5A0065D67F /* Assets.xcassets */,
				44FD58ED23F66D5A0065D67F /* LaunchScreen.storyboard */,
				44FD58F023F66D5A0065D67F /* Info.plist */,
				44FD58FC23F67DF60065D67F /* GoogleService-Info.plist */,
			);
			path = FirebaseChat;
			sourceTree = "<group>";
		};
		44FD58F723F678330065D67F /* Dependencies */ = {
			isa = PBXGroup;
			children = (
				44FD58F923F678570065D67F /* InputBarAccessoryView.framework */,
				44FD58F823F678570065D67F /* MessageKit.framework */,
			);
			path = Dependencies;
			sourceTree = "<group>";
		};
		479E58C6BE2B19DD313E03B7 /* Frameworks */ = {
			isa = PBXGroup;
			children = (
				363F301F8C0AD45062A70455 /* Pods_FirebaseChat.framework */,
			);
			name = Frameworks;
			sourceTree = "<group>";
		};
		ED8CA03E8DBE4FD632665E8F /* Pods */ = {
			isa = PBXGroup;
			children = (
				055F284F2179840D26AFCA69 /* Pods-FirebaseChat.debug.xcconfig */,
				538937360D9EAC02F3B721D0 /* Pods-FirebaseChat.release.xcconfig */,
			);
			path = Pods;
			sourceTree = "<group>";
		};
/* End PBXGroup section */

/* Begin PBXNativeTarget section */
		44FD58DE23F66D590065D67F /* FirebaseChat */ = {
			isa = PBXNativeTarget;
			buildConfigurationList = 44FD58F323F66D5A0065D67F /* Build configuration list for PBXNativeTarget "FirebaseChat" */;
			buildPhases = (
				31717A089182FFE82B99AD5C /* [CP] Check Pods Manifest.lock */,
				44FD58DB23F66D590065D67F /* Sources */,
				44FD58DC23F66D590065D67F /* Frameworks */,
				44FD58DD23F66D590065D67F /* Resources */,
				44FD58F623F677560065D67F /* ShellScript */,
				BDA846E4FE3BB52A0417737A /* [CP] Embed Pods Frameworks */,
			);
			buildRules = (
			);
			dependencies = (
			);
			name = FirebaseChat;
			productName = FirebaseChat;
			productReference = 44FD58DF23F66D590065D67F /* FirebaseChat.app */;
			productType = "com.apple.product-type.application";
		};
/* End PBXNativeTarget section */

/* Begin PBXProject section */
		44FD58D723F66D590065D67F /* Project object */ = {
			isa = PBXProject;
			attributes = {
				LastSwiftUpdateCheck = 1130;
				LastUpgradeCheck = 1130;
				ORGANIZATIONNAME = "Craig Swanson";
				TargetAttributes = {
					44FD58DE23F66D590065D67F = {
						CreatedOnToolsVersion = 11.3.1;
					};
				};
			};
			buildConfigurationList = 44FD58DA23F66D590065D67F /* Build configuration list for PBXProject "FirebaseChat" */;
			compatibilityVersion = "Xcode 9.3";
			developmentRegion = en;
			hasScannedForEncodings = 0;
			knownRegions = (
				en,
				Base,
			);
			mainGroup = 44FD58D623F66D590065D67F;
			productRefGroup = 44FD58E023F66D590065D67F /* Products */;
			projectDirPath = "";
			projectRoot = "";
			targets = (
				44FD58DE23F66D590065D67F /* FirebaseChat */,
			);
		};
/* End PBXProject section */

/* Begin PBXResourcesBuildPhase section */
		44FD58DD23F66D590065D67F /* Resources */ = {
			isa = PBXResourcesBuildPhase;
			buildActionMask = 2147483647;
			files = (
				44FD58EF23F66D5A0065D67F /* LaunchScreen.storyboard in Resources */,
				44FD58FD23F67DF60065D67F /* GoogleService-Info.plist in Resources */,
				44FD58EC23F66D5A0065D67F /* Assets.xcassets in Resources */,
				44FD58EA23F66D590065D67F /* Main.storyboard in Resources */,
			);
			runOnlyForDeploymentPostprocessing = 0;
		};
/* End PBXResourcesBuildPhase section */

/* Begin PBXShellScriptBuildPhase section */
		31717A089182FFE82B99AD5C /* [CP] Check Pods Manifest.lock */ = {
			isa = PBXShellScriptBuildPhase;
			buildActionMask = 2147483647;
			files = (
			);
			inputFileListPaths = (
			);
			inputPaths = (
				"${PODS_PODFILE_DIR_PATH}/Podfile.lock",
				"${PODS_ROOT}/Manifest.lock",
			);
			name = "[CP] Check Pods Manifest.lock";
			outputFileListPaths = (
			);
			outputPaths = (
				"$(DERIVED_FILE_DIR)/Pods-FirebaseChat-checkManifestLockResult.txt",
			);
			runOnlyForDeploymentPostprocessing = 0;
			shellPath = /bin/sh;
			shellScript = "diff \"${PODS_PODFILE_DIR_PATH}/Podfile.lock\" \"${PODS_ROOT}/Manifest.lock\" > /dev/null\nif [ $? != 0 ] ; then\n    # print error to STDERR\n    echo \"error: The sandbox is not in sync with the Podfile.lock. Run 'pod install' or update your CocoaPods installation.\" >&2\n    exit 1\nfi\n# This output is used by Xcode 'outputs' to avoid re-running this script phase.\necho \"SUCCESS\" > \"${SCRIPT_OUTPUT_FILE_0}\"\n";
			showEnvVarsInLog = 0;
		};
		44FD58F623F677560065D67F /* ShellScript */ = {
			isa = PBXShellScriptBuildPhase;
			buildActionMask = 2147483647;
			files = (
			);
			inputFileListPaths = (
				"$(SRCROOT)/input.xcfilelist",
			);
			inputPaths = (
			);
			outputFileListPaths = (
				"$(SRCROOT)/output.xcfilelist",
			);
			outputPaths = (
			);
			runOnlyForDeploymentPostprocessing = 0;
			shellPath = /bin/sh;
			shellScript = "# Type a script or drag a script file from your workspace to insert its path.\n/usr/local/bin/carthage copy-frameworks\n";
		};
		BDA846E4FE3BB52A0417737A /* [CP] Embed Pods Frameworks */ = {
			isa = PBXShellScriptBuildPhase;
			buildActionMask = 2147483647;
			files = (
			);
			inputFileListPaths = (
				"${PODS_ROOT}/Target Support Files/Pods-FirebaseChat/Pods-FirebaseChat-frameworks-${CONFIGURATION}-input-files.xcfilelist",
			);
			name = "[CP] Embed Pods Frameworks";
			outputFileListPaths = (
				"${PODS_ROOT}/Target Support Files/Pods-FirebaseChat/Pods-FirebaseChat-frameworks-${CONFIGURATION}-output-files.xcfilelist",
			);
			runOnlyForDeploymentPostprocessing = 0;
			shellPath = /bin/sh;
			shellScript = "\"${PODS_ROOT}/Target Support Files/Pods-FirebaseChat/Pods-FirebaseChat-frameworks.sh\"\n";
			showEnvVarsInLog = 0;
		};
/* End PBXShellScriptBuildPhase section */

/* Begin PBXSourcesBuildPhase section */
		44FD58DB23F66D590065D67F /* Sources */ = {
			isa = PBXSourcesBuildPhase;
			buildActionMask = 2147483647;
			files = (
				441304B223F76C6500A4A19E /* ChatRoomTableViewController.swift in Sources */,
				44FD58E323F66D590065D67F /* AppDelegate.swift in Sources */,
				44FD58E523F66D590065D67F /* SceneDelegate.swift in Sources */,
				441304B023F76BF500A4A19E /* MessageDetailViewController.swift in Sources */,
			);
			runOnlyForDeploymentPostprocessing = 0;
		};
/* End PBXSourcesBuildPhase section */

/* Begin PBXVariantGroup section */
		44FD58E823F66D590065D67F /* Main.storyboard */ = {
			isa = PBXVariantGroup;
			children = (
				44FD58E923F66D590065D67F /* Base */,
			);
			name = Main.storyboard;
			sourceTree = "<group>";
		};
		44FD58ED23F66D5A0065D67F /* LaunchScreen.storyboard */ = {
			isa = PBXVariantGroup;
			children = (
				44FD58EE23F66D5A0065D67F /* Base */,
			);
			name = LaunchScreen.storyboard;
			sourceTree = "<group>";
		};
/* End PBXVariantGroup section */

/* Begin XCBuildConfiguration section */
		44FD58F123F66D5A0065D67F /* Debug */ = {
			isa = XCBuildConfiguration;
			buildSettings = {
				ALWAYS_SEARCH_USER_PATHS = NO;
				CLANG_ANALYZER_NONNULL = YES;
				CLANG_ANALYZER_NUMBER_OBJECT_CONVERSION = YES_AGGRESSIVE;
				CLANG_CXX_LANGUAGE_STANDARD = "gnu++14";
				CLANG_CXX_LIBRARY = "libc++";
				CLANG_ENABLE_MODULES = YES;
				CLANG_ENABLE_OBJC_ARC = YES;
				CLANG_ENABLE_OBJC_WEAK = YES;
				CLANG_WARN_BLOCK_CAPTURE_AUTORELEASING = YES;
				CLANG_WARN_BOOL_CONVERSION = YES;
				CLANG_WARN_COMMA = YES;
				CLANG_WARN_CONSTANT_CONVERSION = YES;
				CLANG_WARN_DEPRECATED_OBJC_IMPLEMENTATIONS = YES;
				CLANG_WARN_DIRECT_OBJC_ISA_USAGE = YES_ERROR;
				CLANG_WARN_DOCUMENTATION_COMMENTS = YES;
				CLANG_WARN_EMPTY_BODY = YES;
				CLANG_WARN_ENUM_CONVERSION = YES;
				CLANG_WARN_INFINITE_RECURSION = YES;
				CLANG_WARN_INT_CONVERSION = YES;
				CLANG_WARN_NON_LITERAL_NULL_CONVERSION = YES;
				CLANG_WARN_OBJC_IMPLICIT_RETAIN_SELF = YES;
				CLANG_WARN_OBJC_LITERAL_CONVERSION = YES;
				CLANG_WARN_OBJC_ROOT_CLASS = YES_ERROR;
				CLANG_WARN_RANGE_LOOP_ANALYSIS = YES;
				CLANG_WARN_STRICT_PROTOTYPES = YES;
				CLANG_WARN_SUSPICIOUS_MOVE = YES;
				CLANG_WARN_UNGUARDED_AVAILABILITY = YES_AGGRESSIVE;
				CLANG_WARN_UNREACHABLE_CODE = YES;
				CLANG_WARN__DUPLICATE_METHOD_MATCH = YES;
				COPY_PHASE_STRIP = NO;
				DEBUG_INFORMATION_FORMAT = dwarf;
				ENABLE_STRICT_OBJC_MSGSEND = YES;
				ENABLE_TESTABILITY = YES;
				GCC_C_LANGUAGE_STANDARD = gnu11;
				GCC_DYNAMIC_NO_PIC = NO;
				GCC_NO_COMMON_BLOCKS = YES;
				GCC_OPTIMIZATION_LEVEL = 0;
				GCC_PREPROCESSOR_DEFINITIONS = (
					"DEBUG=1",
					"$(inherited)",
				);
				GCC_WARN_64_TO_32_BIT_CONVERSION = YES;
				GCC_WARN_ABOUT_RETURN_TYPE = YES_ERROR;
				GCC_WARN_UNDECLARED_SELECTOR = YES;
				GCC_WARN_UNINITIALIZED_AUTOS = YES_AGGRESSIVE;
				GCC_WARN_UNUSED_FUNCTION = YES;
				GCC_WARN_UNUSED_VARIABLE = YES;
				IPHONEOS_DEPLOYMENT_TARGET = 13.2;
				MTL_ENABLE_DEBUG_INFO = INCLUDE_SOURCE;
				MTL_FAST_MATH = YES;
				ONLY_ACTIVE_ARCH = YES;
				SDKROOT = iphoneos;
				SWIFT_ACTIVE_COMPILATION_CONDITIONS = DEBUG;
				SWIFT_OPTIMIZATION_LEVEL = "-Onone";
			};
			name = Debug;
		};
		44FD58F223F66D5A0065D67F /* Release */ = {
			isa = XCBuildConfiguration;
			buildSettings = {
				ALWAYS_SEARCH_USER_PATHS = NO;
				CLANG_ANALYZER_NONNULL = YES;
				CLANG_ANALYZER_NUMBER_OBJECT_CONVERSION = YES_AGGRESSIVE;
				CLANG_CXX_LANGUAGE_STANDARD = "gnu++14";
				CLANG_CXX_LIBRARY = "libc++";
				CLANG_ENABLE_MODULES = YES;
				CLANG_ENABLE_OBJC_ARC = YES;
				CLANG_ENABLE_OBJC_WEAK = YES;
				CLANG_WARN_BLOCK_CAPTURE_AUTORELEASING = YES;
				CLANG_WARN_BOOL_CONVERSION = YES;
				CLANG_WARN_COMMA = YES;
				CLANG_WARN_CONSTANT_CONVERSION = YES;
				CLANG_WARN_DEPRECATED_OBJC_IMPLEMENTATIONS = YES;
				CLANG_WARN_DIRECT_OBJC_ISA_USAGE = YES_ERROR;
				CLANG_WARN_DOCUMENTATION_COMMENTS = YES;
				CLANG_WARN_EMPTY_BODY = YES;
				CLANG_WARN_ENUM_CONVERSION = YES;
				CLANG_WARN_INFINITE_RECURSION = YES;
				CLANG_WARN_INT_CONVERSION = YES;
				CLANG_WARN_NON_LITERAL_NULL_CONVERSION = YES;
				CLANG_WARN_OBJC_IMPLICIT_RETAIN_SELF = YES;
				CLANG_WARN_OBJC_LITERAL_CONVERSION = YES;
				CLANG_WARN_OBJC_ROOT_CLASS = YES_ERROR;
				CLANG_WARN_RANGE_LOOP_ANALYSIS = YES;
				CLANG_WARN_STRICT_PROTOTYPES = YES;
				CLANG_WARN_SUSPICIOUS_MOVE = YES;
				CLANG_WARN_UNGUARDED_AVAILABILITY = YES_AGGRESSIVE;
				CLANG_WARN_UNREACHABLE_CODE = YES;
				CLANG_WARN__DUPLICATE_METHOD_MATCH = YES;
				COPY_PHASE_STRIP = NO;
				DEBUG_INFORMATION_FORMAT = "dwarf-with-dsym";
				ENABLE_NS_ASSERTIONS = NO;
				ENABLE_STRICT_OBJC_MSGSEND = YES;
				GCC_C_LANGUAGE_STANDARD = gnu11;
				GCC_NO_COMMON_BLOCKS = YES;
				GCC_WARN_64_TO_32_BIT_CONVERSION = YES;
				GCC_WARN_ABOUT_RETURN_TYPE = YES_ERROR;
				GCC_WARN_UNDECLARED_SELECTOR = YES;
				GCC_WARN_UNINITIALIZED_AUTOS = YES_AGGRESSIVE;
				GCC_WARN_UNUSED_FUNCTION = YES;
				GCC_WARN_UNUSED_VARIABLE = YES;
				IPHONEOS_DEPLOYMENT_TARGET = 13.2;
				MTL_ENABLE_DEBUG_INFO = NO;
				MTL_FAST_MATH = YES;
				SDKROOT = iphoneos;
				SWIFT_COMPILATION_MODE = wholemodule;
				SWIFT_OPTIMIZATION_LEVEL = "-O";
				VALIDATE_PRODUCT = YES;
			};
			name = Release;
		};
		44FD58F423F66D5A0065D67F /* Debug */ = {
			isa = XCBuildConfiguration;
			baseConfigurationReference = 055F284F2179840D26AFCA69 /* Pods-FirebaseChat.debug.xcconfig */;
			buildSettings = {
				ASSETCATALOG_COMPILER_APPICON_NAME = AppIcon;
				CODE_SIGN_STYLE = Automatic;
				DEVELOPMENT_TEAM = 2MZREBG7BM;
				FRAMEWORK_SEARCH_PATHS = (
					"$(inherited)",
					"$(PROJECT_DIR)/Carthage/Build/iOS",
				);
				INFOPLIST_FILE = FirebaseChat/Info.plist;
				LD_RUNPATH_SEARCH_PATHS = (
					"$(inherited)",
					"@executable_path/Frameworks",
				);
				PRODUCT_BUNDLE_IDENTIFIER = com.craigswanson.FirebaseChat;
				PRODUCT_NAME = "$(TARGET_NAME)";
				SWIFT_VERSION = 5.0;
				TARGETED_DEVICE_FAMILY = "1,2";
			};
			name = Debug;
		};
		44FD58F523F66D5A0065D67F /* Release */ = {
			isa = XCBuildConfiguration;
			baseConfigurationReference = 538937360D9EAC02F3B721D0 /* Pods-FirebaseChat.release.xcconfig */;
			buildSettings = {
				ASSETCATALOG_COMPILER_APPICON_NAME = AppIcon;
				CODE_SIGN_STYLE = Automatic;
				DEVELOPMENT_TEAM = 2MZREBG7BM;
				FRAMEWORK_SEARCH_PATHS = (
					"$(inherited)",
					"$(PROJECT_DIR)/Carthage/Build/iOS",
				);
				INFOPLIST_FILE = FirebaseChat/Info.plist;
				LD_RUNPATH_SEARCH_PATHS = (
					"$(inherited)",
					"@executable_path/Frameworks",
				);
				PRODUCT_BUNDLE_IDENTIFIER = com.craigswanson.FirebaseChat;
				PRODUCT_NAME = "$(TARGET_NAME)";
				SWIFT_VERSION = 5.0;
				TARGETED_DEVICE_FAMILY = "1,2";
			};
			name = Release;
		};
/* End XCBuildConfiguration section */

/* Begin XCConfigurationList section */
		44FD58DA23F66D590065D67F /* Build configuration list for PBXProject "FirebaseChat" */ = {
			isa = XCConfigurationList;
			buildConfigurations = (
				44FD58F123F66D5A0065D67F /* Debug */,
				44FD58F223F66D5A0065D67F /* Release */,
			);
			defaultConfigurationIsVisible = 0;
			defaultConfigurationName = Release;
		};
		44FD58F323F66D5A0065D67F /* Build configuration list for PBXNativeTarget "FirebaseChat" */ = {
			isa = XCConfigurationList;
			buildConfigurations = (
				44FD58F423F66D5A0065D67F /* Debug */,
				44FD58F523F66D5A0065D67F /* Release */,
			);
			defaultConfigurationIsVisible = 0;
			defaultConfigurationName = Release;
		};
/* End XCConfigurationList section */
	};
	rootObject = 44FD58D723F66D590065D67F /* Project object */;
}
